
Microsoft Visual Studio Solution File, Format Version 12.00
# Visual Studio Version 16
VisualStudioVersion = 16.0.29613.14
MinimumVisualStudioVersion = 10.0.40219.1
Project("{FAE04EC0-301F-11D3-BF4B-00C04F79EFBC}") = "XamarinDI.Android", "XamarinDI.Android\XamarinDI.Android.csproj", "{4AF932A3-B437-4EAF-ADE8-C12C3247937D}"
EndProject
Project("{FAE04EC0-301F-11D3-BF4B-00C04F79EFBC}") = "XamarinDI.iOS", "XamarinDI.iOS\XamarinDI.iOS.csproj", "{A6E38CBB-3EAA-4C29-B33B-0D8CF74474B0}"
EndProject
Project("{FAE04EC0-301F-11D3-BF4B-00C04F79EFBC}") = "XamarinDI", "XamarinDI\XamarinDI.csproj", "{064C20A1-74E5-4A6C-B10C-4A3B83244636}"
EndProject
Global
	GlobalSection(SolutionConfigurationPlatforms) = preSolution
		Debug|Any CPU = Debug|Any CPU
		Debug|iPhone = Debug|iPhone
		Debug|iPhoneSimulator = Debug|iPhoneSimulator
		Release|Any CPU = Release|Any CPU
		Release|iPhone = Release|iPhone
		Release|iPhoneSimulator = Release|iPhoneSimulator
	EndGlobalSection
	GlobalSection(ProjectConfigurationPlatforms) = postSolution
		{4AF932A3-B437-4EAF-ADE8-C12C3247937D}.Debug|Any CPU.ActiveCfg = Debug|Any CPU
		{4AF932A3-B437-4EAF-ADE8-C12C3247937D}.Debug|Any CPU.Build.0 = Debug|Any CPU
		{4AF932A3-B437-4EAF-ADE8-C12C3247937D}.Debug|Any CPU.Deploy.0 = Debug|Any CPU
		{4AF932A3-B437-4EAF-ADE8-C12C3247937D}.Debug|iPhone.ActiveCfg = Debug|Any CPU
		{4AF932A3-B437-4EAF-ADE8-C12C3247937D}.Debug|iPhone.Build.0 = Debug|Any CPU
		{4AF932A3-B437-4EAF-ADE8-C12C3247937D}.Debug|iPhone.Deploy.0 = Debug|Any CPU
		{4AF932A3-B437-4EAF-ADE8-C12C3247937D}.Debug|iPhoneSimulator.ActiveCfg = Debug|Any CPU
		{4AF932A3-B437-4EAF-ADE8-C12C3247937D}.Debug|iPhoneSimulator.Build.0 = Debug|Any CPU
		{4AF932A3-B437-4EAF-ADE8-C12C3247937D}.Debug|iPhoneSimulator.Deploy.0 = Debug|Any CPU
		{4AF932A3-B437-4EAF-ADE8-C12C3247937D}.Release|Any CPU.ActiveCfg = Release|Any CPU
		{4AF932A3-B437-4EAF-ADE8-C12C3247937D}.Release|Any CPU.Build.0 = Release|Any CPU
		{4AF932A3-B437-4EAF-ADE8-C12C3247937D}.Release|Any CPU.Deploy.0 = Release|Any CPU
		{4AF932A3-B437-4EAF-ADE8-C12C3247937D}.Release|iPhone.ActiveCfg = Release|Any CPU
		{4AF932A3-B437-4EAF-ADE8-C12C3247937D}.Release|iPhone.Build.0 = Release|Any CPU
		{4AF932A3-B437-4EAF-ADE8-C12C3247937D}.Release|iPhone.Deploy.0 = Release|Any CPU
		{4AF932A3-B437-4EAF-ADE8-C12C3247937D}.Release|iPhoneSimulator.ActiveCfg = Release|Any CPU
		{4AF932A3-B437-4EAF-ADE8-C12C3247937D}.Release|iPhoneSimulator.Build.0 = Release|Any CPU
		{4AF932A3-B437-4EAF-ADE8-C12C3247937D}.Release|iPhoneSimulator.Deploy.0 = Release|Any CPU
		{A6E38CBB-3EAA-4C29-B33B-0D8CF74474B0}.Debug|Any CPU.ActiveCfg = Debug|iPhoneSimulator
		{A6E38CBB-3EAA-4C29-B33B-0D8CF74474B0}.Debug|Any CPU.Build.0 = Debug|iPhoneSimulator
		{A6E38CBB-3EAA-4C29-B33B-0D8CF74474B0}.Debug|Any CPU.Deploy.0 = Debug|iPhoneSimulator
		{A6E38CBB-3EAA-4C29-B33B-0D8CF74474B0}.Debug|iPhone.ActiveCfg = Debug|iPhone
		{A6E38CBB-3EAA-4C29-B33B-0D8CF74474B0}.Debug|iPhone.Build.0 = Debug|iPhone
		{A6E38CBB-3EAA-4C29-B33B-0D8CF74474B0}.Debug|iPhone.Deploy.0 = Debug|iPhone
		{A6E38CBB-3EAA-4C29-B33B-0D8CF74474B0}.Debug|iPhoneSimulator.ActiveCfg = Debug|iPhoneSimulator
		{A6E38CBB-3EAA-4C29-B33B-0D8CF74474B0}.Debug|iPhoneSimulator.Build.0 = Debug|iPhoneSimulator
		{A6E38CBB-3EAA-4C29-B33B-0D8CF74474B0}.Debug|iPhoneSimulator.Deploy.0 = Debug|iPhoneSimulator
		{A6E38CBB-3EAA-4C29-B33B-0D8CF74474B0}.Release|Any CPU.ActiveCfg = Release|iPhone
		{A6E38CBB-3EAA-4C29-B33B-0D8CF74474B0}.Release|Any CPU.Build.0 = Release|iPhone
		{A6E38CBB-3EAA-4C29-B33B-0D8CF74474B0}.Release|Any CPU.Deploy.0 = Release|iPhone
		{A6E38CBB-3EAA-4C29-B33B-0D8CF74474B0}.Release|iPhone.ActiveCfg = Release|iPhone
		{A6E38CBB-3EAA-4C29-B33B-0D8CF74474B0}.Release|iPhone.Build.0 = Release|iPhone
		{A6E38CBB-3EAA-4C29-B33B-0D8CF74474B0}.Release|iPhone.Deploy.0 = Release|iPhone
		{A6E38CBB-3EAA-4C29-B33B-0D8CF74474B0}.Release|iPhoneSimulator.ActiveCfg = Release|iPhoneSimulator
		{A6E38CBB-3EAA-4C29-B33B-0D8CF74474B0}.Release|iPhoneSimulator.Build.0 = Release|iPhoneSimulator
		{A6E38CBB-3EAA-4C29-B33B-0D8CF74474B0}.Release|iPhoneSimulator.Deploy.0 = Release|iPhoneSimulator
		{064C20A1-74E5-4A6C-B10C-4A3B83244636}.Debug|Any CPU.ActiveCfg = Debug|Any CPU
		{064C20A1-74E5-4A6C-B10C-4A3B83244636}.Debug|Any CPU.Build.0 = Debug|Any CPU
		{064C20A1-74E5-4A6C-B10C-4A3B83244636}.Debug|Any CPU.Deploy.0 = Debug|Any CPU
		{064C20A1-74E5-4A6C-B10C-4A3B83244636}.Debug|iPhone.ActiveCfg = Debug|Any CPU
		{064C20A1-74E5-4A6C-B10C-4A3B83244636}.Debug|iPhone.Build.0 = Debug|Any CPU
		{064C20A1-74E5-4A6C-B10C-4A3B83244636}.Debug|iPhone.Deploy.0 = Debug|Any CPU
		{064C20A1-74E5-4A6C-B10C-4A3B83244636}.Debug|iPhoneSimulator.ActiveCfg = Debug|Any CPU
		{064C20A1-74E5-4A6C-B10C-4A3B83244636}.Debug|iPhoneSimulator.Build.0 = Debug|Any CPU
		{064C20A1-74E5-4A6C-B10C-4A3B83244636}.Debug|iPhoneSimulator.Deploy.0 = Debug|Any CPU
		{064C20A1-74E5-4A6C-B10C-4A3B83244636}.Release|Any CPU.ActiveCfg = Release|Any CPU
		{064C20A1-74E5-4A6C-B10C-4A3B83244636}.Release|Any CPU.Build.0 = Release|Any CPU
		{064C20A1-74E5-4A6C-B10C-4A3B83244636}.Release|Any CPU.Deploy.0 = Release|Any CPU
		{064C20A1-74E5-4A6C-B10C-4A3B83244636}.Release|iPhone.ActiveCfg = Release|Any CPU
		{064C20A1-74E5-4A6C-B10C-4A3B83244636}.Release|iPhone.Build.0 = Release|Any CPU
		{064C20A1-74E5-4A6C-B10C-4A3B83244636}.Release|iPhone.Deploy.0 = Release|Any CPU
		{064C20A1-74E5-4A6C-B10C-4A3B83244636}.Release|iPhoneSimulator.ActiveCfg = Release|Any CPU
		{064C20A1-74E5-4A6C-B10C-4A3B83244636}.Release|iPhoneSimulator.Build.0 = Release|Any CPU
		{064C20A1-74E5-4A6C-B10C-4A3B83244636}.Release|iPhoneSimulator.Deploy.0 = Release|Any CPU
	EndGlobalSection
	GlobalSection(SolutionProperties) = preSolution
		HideSolutionNode = FALSE
	EndGlobalSection
	GlobalSection(ExtensibilityGlobals) = postSolution
		SolutionGuid = {6A943D0A-71AA-4090-9A6F-E0768A3F0016}
	EndGlobalSection
EndGlobal
